// !$*UTF8*$!
{
	archiveVersion = 1;
	classes = {
	};
	objectVersion = 77;
	objects = {

/* Begin PBXBuildFile section */
		B72BB46A2F4665A5008E9B66 /* FirebaseFunctions in Frameworks */ = {isa = PBXBuildFile; productRef = B72BB4692F4665A5008E9B66 /* FirebaseFunctions */; };
		B7E100072F50000000A1B2C3 /* OffShieldMonitorExtension.appex in Embed App Extensions */ = {isa = PBXBuildFile; fileRef = B7E100012F50000000A1B2C3 /* OffShieldMonitorExtension.appex */; settings = {ATTRIBUTES = (CodeSignOnCopy, RemoveHeadersOnCopy, ); }; };
		B7E1000E2F50000000A1B2C3 /* Off/Shared/ScreenTime/ScreenTimeSharedConstants.swift in Sources */ = {isa = PBXBuildFile; fileRef = B7E1000F2F50000000A1B2C3 /* Off/Shared/ScreenTime/ScreenTimeSharedConstants.swift */; };
		B7E200012F60000000A1B2C3 /* OffUsageReportExtension.appex in Embed App Extensions */ = {isa = PBXBuildFile; fileRef = B7E200052F60000000A1B2C3 /* OffUsageReportExtension.appex */; settings = {ATTRIBUTES = (CodeSignOnCopy, RemoveHeadersOnCopy, ); }; };
		B7E200022F60000000A1B2C3 /* Off/Shared/Extensions/UsageFormatters.swift in Sources */ = {isa = PBXBuildFile; fileRef = B7E200062F60000000A1B2C3 /* Off/Shared/Extensions/UsageFormatters.swift */; };
		B7E200032F60000000A1B2C3 /* Off/Shared/ScreenTime/UsageReportContext.swift in Sources */ = {isa = PBXBuildFile; fileRef = B7E200072F60000000A1B2C3 /* Off/Shared/ScreenTime/UsageReportContext.swift */; };
/* End PBXBuildFile section */

/* Begin PBXContainerItemProxy section */
		B7E100092F50000000A1B2C3 /* PBXContainerItemProxy */ = {
			isa = PBXContainerItemProxy;
			containerPortal = B70ED9792F3D32C2002166F1 /* Project object */;
			proxyType = 1;
			remoteGlobalIDString = B7E1000D2F50000000A1B2C3;
			remoteInfo = OffShieldMonitorExtension;
		};
		B7E200042F60000000A1B2C3 /* PBXContainerItemProxy */ = {
			isa = PBXContainerItemProxy;
			containerPortal = B70ED9792F3D32C2002166F1 /* Project object */;
			proxyType = 1;
			remoteGlobalIDString = B7E2000A2F60000000A1B2C3;
			remoteInfo = OffUsageReportExtension;
		};
/* End PBXContainerItemProxy section */

/* Begin PBXCopyFilesBuildPhase section */
		B7E100062F50000000A1B2C3 /* Embed App Extensions */ = {
			isa = PBXCopyFilesBuildPhase;
			buildActionMask = 2147483647;
			dstPath = "";
			dstSubfolderSpec = 13;
			files = (
				B7E100072F50000000A1B2C3 /* OffShieldMonitorExtension.appex in Embed App Extensions */,
				B7E200012F60000000A1B2C3 /* OffUsageReportExtension.appex in Embed App Extensions */,
			);
			name = "Embed App Extensions";
			runOnlyForDeploymentPostprocessing = 0;
		};
/* End PBXCopyFilesBuildPhase section */

/* Begin PBXFileReference section */
		B70ED9812F3D32C2002166F1 /* Off.app */ = {isa = PBXFileReference; explicitFileType = wrapper.application; includeInIndex = 0; path = Off.app; sourceTree = BUILT_PRODUCTS_DIR; };
		B7E100012F50000000A1B2C3 /* OffShieldMonitorExtension.appex */ = {isa = PBXFileReference; explicitFileType = "wrapper.app-extension"; includeInIndex = 0; path = OffShieldMonitorExtension.appex; sourceTree = BUILT_PRODUCTS_DIR; };
		B7E1000F2F50000000A1B2C3 /* Off/Shared/ScreenTime/ScreenTimeSharedConstants.swift */ = {isa = PBXFileReference; lastKnownFileType = sourcecode.swift; path = Off/Shared/ScreenTime/ScreenTimeSharedConstants.swift; sourceTree = SOURCE_ROOT; };
		B7E200052F60000000A1B2C3 /* OffUsageReportExtension.appex */ = {isa = PBXFileReference; explicitFileType = "wrapper.app-extension"; includeInIndex = 0; path = OffUsageReportExtension.appex; sourceTree = BUILT_PRODUCTS_DIR; };
		B7E200062F60000000A1B2C3 /* Off/Shared/Extensions/UsageFormatters.swift */ = {isa = PBXFileReference; lastKnownFileType = sourcecode.swift; path = Off/Shared/Extensions/UsageFormatters.swift; sourceTree = SOURCE_ROOT; };
		B7E200072F60000000A1B2C3 /* Off/Shared/ScreenTime/UsageReportContext.swift */ = {isa = PBXFileReference; lastKnownFileType = sourcecode.swift; path = Off/Shared/ScreenTime/UsageReportContext.swift; sourceTree = SOURCE_ROOT; };
/* End PBXFileReference section */

/* Begin PBXFileSystemSynchronizedRootGroup section */
		B70ED9832F3D32C2002166F1 /* Off */ = {
			isa = PBXFileSystemSynchronizedRootGroup;
			path = Off;
			sourceTree = "<group>";
		};
		B7E100022F50000000A1B2C3 /* OffShieldMonitorExtension */ = {
			isa = PBXFileSystemSynchronizedRootGroup;
			path = OffShieldMonitorExtension;
			sourceTree = "<group>";
		};
		B7E200082F60000000A1B2C3 /* OffUsageReportExtension */ = {
			isa = PBXFileSystemSynchronizedRootGroup;
			path = OffUsageReportExtension;
			sourceTree = "<group>";
		};
/* End PBXFileSystemSynchronizedRootGroup section */

/* Begin PBXFrameworksBuildPhase section */
		B70ED97E2F3D32C2002166F1 /* Frameworks */ = {
			isa = PBXFrameworksBuildPhase;
			buildActionMask = 2147483647;
			files = (
				B72BB46A2F4665A5008E9B66 /* FirebaseFunctions in Frameworks */,
			);
			runOnlyForDeploymentPostprocessing = 0;
		};
		B7E100042F50000000A1B2C3 /* Frameworks */ = {
			isa = PBXFrameworksBuildPhase;
			buildActionMask = 2147483647;
			files = (
			);
			runOnlyForDeploymentPostprocessing = 0;
		};
		B7E200092F60000000A1B2C3 /* Frameworks */ = {
			isa = PBXFrameworksBuildPhase;
			buildActionMask = 2147483647;
			files = (
			);
			runOnlyForDeploymentPostprocessing = 0;
		};
/* End PBXFrameworksBuildPhase section */

/* Begin PBXGroup section */
			B70ED9782F3D32C2002166F1 = {
				isa = PBXGroup;
				children = (
					B70ED9832F3D32C2002166F1 /* Off */,
					B7E100022F50000000A1B2C3 /* OffShieldMonitorExtension */,
					B7E200082F60000000A1B2C3 /* OffUsageReportExtension */,
					B7E1000F2F50000000A1B2C3 /* Off/Shared/ScreenTime/ScreenTimeSharedConstants.swift */,
					B7E200062F60000000A1B2C3 /* Off/Shared/Extensions/UsageFormatters.swift */,
					B7E200072F60000000A1B2C3 /* Off/Shared/ScreenTime/UsageReportContext.swift */,
					B70ED9822F3D32C2002166F1 /* Products */,
				);
				sourceTree = "<group>";
			};
			B70ED9822F3D32C2002166F1 /* Products */ = {
				isa = PBXGroup;
				children = (
					B70ED9812F3D32C2002166F1 /* Off.app */,
					B7E100012F50000000A1B2C3 /* OffShieldMonitorExtension.appex */,
					B7E200052F60000000A1B2C3 /* OffUsageReportExtension.appex */,
				);
				name = Products;
				sourceTree = "<group>";
			};
/* End PBXGroup section */

/* Begin PBXNativeTarget section */
			B70ED9802F3D32C2002166F1 /* Off */ = {
			isa = PBXNativeTarget;
			buildConfigurationList = B70ED98C2F3D32C3002166F1 /* Build configuration list for PBXNativeTarget "Off" */;
			buildPhases = (
				B70ED97D2F3D32C2002166F1 /* Sources */,
				B70ED97E2F3D32C2002166F1 /* Frameworks */,
				B70ED97F2F3D32C2002166F1 /* Resources */,
				B7E100062F50000000A1B2C3 /* Embed App Extensions */,
			);
			buildRules = (
			);
				dependencies = (
					B7E100082F50000000A1B2C3 /* PBXTargetDependency */,
					B7E2000D2F60000000A1B2C3 /* PBXTargetDependency */,
				);
			fileSystemSynchronizedGroups = (
				B70ED9832F3D32C2002166F1 /* Off */,
			);
			name = Off;
			packageProductDependencies = (
				B72BB4692F4665A5008E9B66 /* FirebaseFunctions */,
			);
			productName = Off;
			productReference = B70ED9812F3D32C2002166F1 /* Off.app */;
			productType = "com.apple.product-type.application";
		};
			B7E1000D2F50000000A1B2C3 /* OffShieldMonitorExtension */ = {
			isa = PBXNativeTarget;
			buildConfigurationList = B7E1000A2F50000000A1B2C3 /* Build configuration list for PBXNativeTarget "OffShieldMonitorExtension" */;
			buildPhases = (
				B7E100032F50000000A1B2C3 /* Sources */,
				B7E100042F50000000A1B2C3 /* Frameworks */,
				B7E100052F50000000A1B2C3 /* Resources */,
			);
			buildRules = (
			);
			dependencies = (
			);
			fileSystemSynchronizedGroups = (
				B7E100022F50000000A1B2C3 /* OffShieldMonitorExtension */,
			);
			name = OffShieldMonitorExtension;
			packageProductDependencies = (
			);
			productName = OffShieldMonitorExtension;
				productReference = B7E100012F50000000A1B2C3 /* OffShieldMonitorExtension.appex */;
				productType = "com.apple.product-type.app-extension";
			};
			B7E2000A2F60000000A1B2C3 /* OffUsageReportExtension */ = {
				isa = PBXNativeTarget;
				buildConfigurationList = B7E200102F60000000A1B2C3 /* Build configuration list for PBXNativeTarget "OffUsageReportExtension" */;
				buildPhases = (
					B7E2000C2F60000000A1B2C3 /* Sources */,
					B7E200092F60000000A1B2C3 /* Frameworks */,
					B7E2000B2F60000000A1B2C3 /* Resources */,
				);
				buildRules = (
				);
				dependencies = (
				);
				fileSystemSynchronizedGroups = (
					B7E200082F60000000A1B2C3 /* OffUsageReportExtension */,
				);
				name = OffUsageReportExtension;
				packageProductDependencies = (
				);
				productName = OffUsageReportExtension;
				productReference = B7E200052F60000000A1B2C3 /* OffUsageReportExtension.appex */;
				productType = "com.apple.product-type.extensionkit-extension";
			};
/* End PBXNativeTarget section */

/* Begin PBXProject section */
		B70ED9792F3D32C2002166F1 /* Project object */ = {
			isa = PBXProject;
			attributes = {
				BuildIndependentTargetsInParallel = 1;
				LastSwiftUpdateCheck = 2600;
				LastUpgradeCheck = 2600;
				TargetAttributes = {
					B70ED9802F3D32C2002166F1 = {
						CreatedOnToolsVersion = 26.0;
					};
					B7E1000D2F50000000A1B2C3 = {
						CreatedOnToolsVersion = 26.0;
					};
					B7E2000A2F60000000A1B2C3 = {
						CreatedOnToolsVersion = 26.0;
					};
				};
			};
			buildConfigurationList = B70ED97C2F3D32C2002166F1 /* Build configuration list for PBXProject "Off" */;
			developmentRegion = en;
			hasScannedForEncodings = 0;
			knownRegions = (
				en,
				Base,
			);
			mainGroup = B70ED9782F3D32C2002166F1;
			minimizedProjectReferenceProxies = 1;
			packageReferences = (
				B72BB4682F4665A5008E9B66 /* XCRemoteSwiftPackageReference "firebase-ios-sdk" */,
			);
			preferredProjectObjectVersion = 77;
			productRefGroup = B70ED9822F3D32C2002166F1 /* Products */;
			projectDirPath = "";
			projectRoot = "";
			targets = (
				B70ED9802F3D32C2002166F1 /* Off */,
				B7E1000D2F50000000A1B2C3 /* OffShieldMonitorExtension */,
				B7E2000A2F60000000A1B2C3 /* OffUsageReportExtension */,
			);
		};
/* End PBXProject section */

/* Begin PBXResourcesBuildPhase section */
		B70ED97F2F3D32C2002166F1 /* Resources */ = {
			isa = PBXResourcesBuildPhase;
			buildActionMask = 2147483647;
			files = (
			);
			runOnlyForDeploymentPostprocessing = 0;
		};
		B7E100052F50000000A1B2C3 /* Resources */ = {
			isa = PBXResourcesBuildPhase;
			buildActionMask = 2147483647;
			files = (
			);
			runOnlyForDeploymentPostprocessing = 0;
		};
		B7E2000B2F60000000A1B2C3 /* Resources */ = {
			isa = PBXResourcesBuildPhase;
			buildActionMask = 2147483647;
			files = (
			);
			runOnlyForDeploymentPostprocessing = 0;
		};
/* End PBXResourcesBuildPhase section */

/* Begin PBXSourcesBuildPhase section */
		B70ED97D2F3D32C2002166F1 /* Sources */ = {
			isa = PBXSourcesBuildPhase;
			buildActionMask = 2147483647;
			files = (
			);
			runOnlyForDeploymentPostprocessing = 0;
		};
		B7E100032F50000000A1B2C3 /* Sources */ = {
			isa = PBXSourcesBuildPhase;
			buildActionMask = 2147483647;
			files = (
				B7E1000E2F50000000A1B2C3 /* Off/Shared/ScreenTime/ScreenTimeSharedConstants.swift in Sources */,
			);
			runOnlyForDeploymentPostprocessing = 0;
		};
		B7E2000C2F60000000A1B2C3 /* Sources */ = {
			isa = PBXSourcesBuildPhase;
			buildActionMask = 2147483647;
			files = (
				B7E200022F60000000A1B2C3 /* Off/Shared/Extensions/UsageFormatters.swift in Sources */,
				B7E200032F60000000A1B2C3 /* Off/Shared/ScreenTime/UsageReportContext.swift in Sources */,
			);
			runOnlyForDeploymentPostprocessing = 0;
		};
/* End PBXSourcesBuildPhase section */

/* Begin PBXTargetDependency section */
		B7E100082F50000000A1B2C3 /* PBXTargetDependency */ = {
			isa = PBXTargetDependency;
			target = B7E1000D2F50000000A1B2C3 /* OffShieldMonitorExtension */;
			targetProxy = B7E100092F50000000A1B2C3 /* PBXContainerItemProxy */;
		};
		B7E2000D2F60000000A1B2C3 /* PBXTargetDependency */ = {
			isa = PBXTargetDependency;
			target = B7E2000A2F60000000A1B2C3 /* OffUsageReportExtension */;
			targetProxy = B7E200042F60000000A1B2C3 /* PBXContainerItemProxy */;
		};
/* End PBXTargetDependency section */

/* Begin XCBuildConfiguration section */
		B70ED98A2F3D32C3002166F1 /* Debug */ = {
			isa = XCBuildConfiguration;
			buildSettings = {
				ALWAYS_SEARCH_USER_PATHS = NO;
				ASSETCATALOG_COMPILER_GENERATE_SWIFT_ASSET_SYMBOL_EXTENSIONS = YES;
				CLANG_ANALYZER_NONNULL = YES;
				CLANG_ANALYZER_NUMBER_OBJECT_CONVERSION = YES_AGGRESSIVE;
				CLANG_CXX_LANGUAGE_STANDARD = "gnu++20";
				CLANG_ENABLE_MODULES = YES;
				CLANG_ENABLE_OBJC_ARC = YES;
				CLANG_ENABLE_OBJC_WEAK = YES;
				CLANG_WARN_BLOCK_CAPTURE_AUTORELEASING = YES;
				CLANG_WARN_BOOL_CONVERSION = YES;
				CLANG_WARN_COMMA = YES;
				CLANG_WARN_CONSTANT_CONVERSION = YES;
				CLANG_WARN_DEPRECATED_OBJC_IMPLEMENTATIONS = YES;
				CLANG_WARN_DIRECT_OBJC_ISA_USAGE = YES_ERROR;
				CLANG_WARN_DOCUMENTATION_COMMENTS = YES;
				CLANG_WARN_EMPTY_BODY = YES;
				CLANG_WARN_ENUM_CONVERSION = YES;
				CLANG_WARN_INFINITE_RECURSION = YES;
				CLANG_WARN_INT_CONVERSION = YES;
				CLANG_WARN_NON_LITERAL_NULL_CONVERSION = YES;
				CLANG_WARN_OBJC_IMPLICIT_RETAIN_SELF = YES;
				CLANG_WARN_OBJC_LITERAL_CONVERSION = YES;
				CLANG_WARN_OBJC_ROOT_CLASS = YES_ERROR;
				CLANG_WARN_QUOTED_INCLUDE_IN_FRAMEWORK_HEADER = YES;
				CLANG_WARN_RANGE_LOOP_ANALYSIS = YES;
				CLANG_WARN_STRICT_PROTOTYPES = YES;
				CLANG_WARN_SUSPICIOUS_MOVE = YES;
				CLANG_WARN_UNGUARDED_AVAILABILITY = YES_AGGRESSIVE;
				CLANG_WARN_UNREACHABLE_CODE = YES;
				CLANG_WARN__DUPLICATE_METHOD_MATCH = YES;
				COPY_PHASE_STRIP = NO;
				DEBUG_INFORMATION_FORMAT = dwarf;
				DEVELOPMENT_TEAM = 5W2RVF994Q;
				ENABLE_STRICT_OBJC_MSGSEND = YES;
				ENABLE_TESTABILITY = YES;
				ENABLE_USER_SCRIPT_SANDBOXING = YES;
				GCC_C_LANGUAGE_STANDARD = gnu17;
				GCC_DYNAMIC_NO_PIC = NO;
				GCC_NO_COMMON_BLOCKS = YES;
				GCC_OPTIMIZATION_LEVEL = 0;
				GCC_PREPROCESSOR_DEFINITIONS = (
					"DEBUG=1",
					"$(inherited)",
				);
				GCC_WARN_64_TO_32_BIT_CONVERSION = YES;
				GCC_WARN_ABOUT_RETURN_TYPE = YES_ERROR;
				GCC_WARN_UNDECLARED_SELECTOR = YES;
				GCC_WARN_UNINITIALIZED_AUTOS = YES_AGGRESSIVE;
				GCC_WARN_UNUSED_FUNCTION = YES;
				GCC_WARN_UNUSED_VARIABLE = YES;
				IPHONEOS_DEPLOYMENT_TARGET = 26.0;
				LOCALIZATION_PREFERS_STRING_CATALOGS = YES;
				MTL_ENABLE_DEBUG_INFO = INCLUDE_SOURCE;
				MTL_FAST_MATH = YES;
				ONLY_ACTIVE_ARCH = YES;
				SDKROOT = iphoneos;
				SWIFT_ACTIVE_COMPILATION_CONDITIONS = "DEBUG $(inherited)";
				SWIFT_OPTIMIZATION_LEVEL = "-Onone";
			};
			name = Debug;
		};
		B70ED98B2F3D32C3002166F1 /* Release */ = {
			isa = XCBuildConfiguration;
			buildSettings = {
				ALWAYS_SEARCH_USER_PATHS = NO;
				ASSETCATALOG_COMPILER_GENERATE_SWIFT_ASSET_SYMBOL_EXTENSIONS = YES;
				CLANG_ANALYZER_NONNULL = YES;
				CLANG_ANALYZER_NUMBER_OBJECT_CONVERSION = YES_AGGRESSIVE;
				CLANG_CXX_LANGUAGE_STANDARD = "gnu++20";
				CLANG_ENABLE_MODULES = YES;
				CLANG_ENABLE_OBJC_ARC = YES;
				CLANG_ENABLE_OBJC_WEAK = YES;
				CLANG_WARN_BLOCK_CAPTURE_AUTORELEASING = YES;
				CLANG_WARN_BOOL_CONVERSION = YES;
				CLANG_WARN_COMMA = YES;
				CLANG_WARN_CONSTANT_CONVERSION = YES;
				CLANG_WARN_DEPRECATED_OBJC_IMPLEMENTATIONS = YES;
				CLANG_WARN_DIRECT_OBJC_ISA_USAGE = YES_ERROR;
				CLANG_WARN_DOCUMENTATION_COMMENTS = YES;
				CLANG_WARN_EMPTY_BODY = YES;
				CLANG_WARN_ENUM_CONVERSION = YES;
				CLANG_WARN_INFINITE_RECURSION = YES;
				CLANG_WARN_INT_CONVERSION = YES;
				CLANG_WARN_NON_LITERAL_NULL_CONVERSION = YES;
				CLANG_WARN_OBJC_IMPLICIT_RETAIN_SELF = YES;
				CLANG_WARN_OBJC_LITERAL_CONVERSION = YES;
				CLANG_WARN_OBJC_ROOT_CLASS = YES_ERROR;
				CLANG_WARN_QUOTED_INCLUDE_IN_FRAMEWORK_HEADER = YES;
				CLANG_WARN_RANGE_LOOP_ANALYSIS = YES;
				CLANG_WARN_STRICT_PROTOTYPES = YES;
				CLANG_WARN_SUSPICIOUS_MOVE = YES;
				CLANG_WARN_UNGUARDED_AVAILABILITY = YES_AGGRESSIVE;
				CLANG_WARN_UNREACHABLE_CODE = YES;
				CLANG_WARN__DUPLICATE_METHOD_MATCH = YES;
				COPY_PHASE_STRIP = NO;
				DEBUG_INFORMATION_FORMAT = "dwarf-with-dsym";
				DEVELOPMENT_TEAM = 5W2RVF994Q;
				ENABLE_NS_ASSERTIONS = NO;
				ENABLE_STRICT_OBJC_MSGSEND = YES;
				ENABLE_USER_SCRIPT_SANDBOXING = YES;
				GCC_C_LANGUAGE_STANDARD = gnu17;
				GCC_NO_COMMON_BLOCKS = YES;
				GCC_WARN_64_TO_32_BIT_CONVERSION = YES;
				GCC_WARN_ABOUT_RETURN_TYPE = YES_ERROR;
				GCC_WARN_UNDECLARED_SELECTOR = YES;
				GCC_WARN_UNINITIALIZED_AUTOS = YES_AGGRESSIVE;
				GCC_WARN_UNUSED_FUNCTION = YES;
				GCC_WARN_UNUSED_VARIABLE = YES;
				IPHONEOS_DEPLOYMENT_TARGET = 26.0;
				LOCALIZATION_PREFERS_STRING_CATALOGS = YES;
				MTL_ENABLE_DEBUG_INFO = NO;
				MTL_FAST_MATH = YES;
				SDKROOT = iphoneos;
				SWIFT_COMPILATION_MODE = wholemodule;
				VALIDATE_PRODUCT = YES;
			};
			name = Release;
		};
		B70ED98D2F3D32C3002166F1 /* Debug */ = {
			isa = XCBuildConfiguration;
			buildSettings = {
				ASSETCATALOG_COMPILER_APPICON_NAME = AppIcon;
				ASSETCATALOG_COMPILER_GLOBAL_ACCENT_COLOR_NAME = AccentColor;
				CODE_SIGN_ENTITLEMENTS = Off/Off.entitlements;
				CODE_SIGN_STYLE = Automatic;
				CURRENT_PROJECT_VERSION = 1;
				DEVELOPMENT_TEAM = 5W2RVF994Q;
				ENABLE_PREVIEWS = YES;
				GENERATE_INFOPLIST_FILE = YES;
				INFOPLIST_KEY_CFBundleDisplayName = Off;
				INFOPLIST_KEY_UIApplicationSceneManifest_Generation = YES;
				INFOPLIST_KEY_UIApplicationSupportsIndirectInputEvents = YES;
				INFOPLIST_KEY_UILaunchScreen_Generation = YES;
				INFOPLIST_KEY_UISupportedInterfaceOrientations = UIInterfaceOrientationPortrait;
				LD_RUNPATH_SEARCH_PATHS = (
					"$(inherited)",
					"@executable_path/Frameworks",
				);
				MARKETING_VERSION = 1.0;
				PRODUCT_BUNDLE_IDENTIFIER = rlemosapp.Off;
				PRODUCT_NAME = "$(TARGET_NAME)";
				STRING_CATALOG_GENERATE_SYMBOLS = YES;
				SWIFT_APPROACHABLE_CONCURRENCY = YES;
				SWIFT_DEFAULT_ACTOR_ISOLATION = MainActor;
				SWIFT_EMIT_LOC_STRINGS = YES;
				SWIFT_UPCOMING_FEATURE_MEMBER_IMPORT_VISIBILITY = YES;
				SWIFT_VERSION = 5.0;
				TARGETED_DEVICE_FAMILY = "1,2";
			};
			name = Debug;
		};
		B70ED98E2F3D32C3002166F1 /* Release */ = {
			isa = XCBuildConfiguration;
			buildSettings = {
				ASSETCATALOG_COMPILER_APPICON_NAME = AppIcon;
				ASSETCATALOG_COMPILER_GLOBAL_ACCENT_COLOR_NAME = AccentColor;
				CODE_SIGN_ENTITLEMENTS = Off/Off.entitlements;
				CODE_SIGN_STYLE = Automatic;
				CURRENT_PROJECT_VERSION = 1;
				DEVELOPMENT_TEAM = 5W2RVF994Q;
				ENABLE_PREVIEWS = YES;
				GENERATE_INFOPLIST_FILE = YES;
				INFOPLIST_KEY_CFBundleDisplayName = Off;
				INFOPLIST_KEY_UIApplicationSceneManifest_Generation = YES;
				INFOPLIST_KEY_UIApplicationSupportsIndirectInputEvents = YES;
				INFOPLIST_KEY_UILaunchScreen_Generation = YES;
				INFOPLIST_KEY_UISupportedInterfaceOrientations = UIInterfaceOrientationPortrait;
				LD_RUNPATH_SEARCH_PATHS = (
					"$(inherited)",
					"@executable_path/Frameworks",
				);
				MARKETING_VERSION = 1.0;
				PRODUCT_BUNDLE_IDENTIFIER = rlemosapp.Off;
				PRODUCT_NAME = "$(TARGET_NAME)";
				STRING_CATALOG_GENERATE_SYMBOLS = YES;
				SWIFT_APPROACHABLE_CONCURRENCY = YES;
				SWIFT_DEFAULT_ACTOR_ISOLATION = MainActor;
				SWIFT_EMIT_LOC_STRINGS = YES;
				SWIFT_UPCOMING_FEATURE_MEMBER_IMPORT_VISIBILITY = YES;
				SWIFT_VERSION = 5.0;
				TARGETED_DEVICE_FAMILY = "1,2";
			};
			name = Release;
		};
		B7E1000B2F50000000A1B2C3 /* Debug */ = {
			isa = XCBuildConfiguration;
			buildSettings = {
				APPLICATION_EXTENSION_API_ONLY = YES;
				CODE_SIGN_ENTITLEMENTS = OffShieldMonitorExtension/OffShieldMonitorExtension.entitlements;
				CODE_SIGN_STYLE = Automatic;
				CURRENT_PROJECT_VERSION = 1;
				DEVELOPMENT_TEAM = 5W2RVF994Q;
				GENERATE_INFOPLIST_FILE = NO;
				INFOPLIST_FILE = "OffShieldMonitorExtension-Info.plist";
				IPHONEOS_DEPLOYMENT_TARGET = 26.0;
				LD_RUNPATH_SEARCH_PATHS = (
					"$(inherited)",
					"@executable_path/Frameworks",
					"@executable_path/../../Frameworks",
				);
				MARKETING_VERSION = 1.0;
				PRODUCT_BUNDLE_IDENTIFIER = rlemosapp.Off.ShieldMonitorExtension;
				PRODUCT_NAME = "$(TARGET_NAME)";
				SKIP_INSTALL = YES;
				SWIFT_VERSION = 5.0;
				TARGETED_DEVICE_FAMILY = "1,2";
			};
			name = Debug;
		};
		B7E1000C2F50000000A1B2C3 /* Release */ = {
			isa = XCBuildConfiguration;
			buildSettings = {
				APPLICATION_EXTENSION_API_ONLY = YES;
				CODE_SIGN_ENTITLEMENTS = OffShieldMonitorExtension/OffShieldMonitorExtension.entitlements;
				CODE_SIGN_STYLE = Automatic;
				CURRENT_PROJECT_VERSION = 1;
				DEVELOPMENT_TEAM = 5W2RVF994Q;
				GENERATE_INFOPLIST_FILE = NO;
				INFOPLIST_FILE = "OffShieldMonitorExtension-Info.plist";
				IPHONEOS_DEPLOYMENT_TARGET = 26.0;
				LD_RUNPATH_SEARCH_PATHS = (
					"$(inherited)",
					"@executable_path/Frameworks",
					"@executable_path/../../Frameworks",
				);
				MARKETING_VERSION = 1.0;
				PRODUCT_BUNDLE_IDENTIFIER = rlemosapp.Off.ShieldMonitorExtension;
				PRODUCT_NAME = "$(TARGET_NAME)";
				SKIP_INSTALL = YES;
				SWIFT_VERSION = 5.0;
				TARGETED_DEVICE_FAMILY = "1,2";
			};
			name = Release;
		};
		B7E2000E2F60000000A1B2C3 /* Debug */ = {
			isa = XCBuildConfiguration;
			buildSettings = {
				APPLICATION_EXTENSION_API_ONLY = YES;
				CODE_SIGN_ENTITLEMENTS = OffUsageReportExtension/OffUsageReportExtension.entitlements;
				CODE_SIGN_STYLE = Automatic;
				CURRENT_PROJECT_VERSION = 1;
				DEVELOPMENT_TEAM = 5W2RVF994Q;
				GENERATE_INFOPLIST_FILE = NO;
				INFOPLIST_FILE = "OffUsageReportExtension-Info.plist";
				IPHONEOS_DEPLOYMENT_TARGET = 26.0;
				LD_RUNPATH_SEARCH_PATHS = (
					"$(inherited)",
					"@executable_path/Frameworks",
					"@executable_path/../../Frameworks",
				);
				MARKETING_VERSION = 1.0;
				PRODUCT_BUNDLE_IDENTIFIER = rlemosapp.Off.UsageReportExtension;
				PRODUCT_NAME = "$(TARGET_NAME)";
				SKIP_INSTALL = YES;
				SWIFT_VERSION = 5.0;
				TARGETED_DEVICE_FAMILY = "1,2";
			};
			name = Debug;
		};
		B7E2000F2F60000000A1B2C3 /* Release */ = {
			isa = XCBuildConfiguration;
			buildSettings = {
				APPLICATION_EXTENSION_API_ONLY = YES;
				CODE_SIGN_ENTITLEMENTS = OffUsageReportExtension/OffUsageReportExtension.entitlements;
				CODE_SIGN_STYLE = Automatic;
				CURRENT_PROJECT_VERSION = 1;
				DEVELOPMENT_TEAM = 5W2RVF994Q;
				GENERATE_INFOPLIST_FILE = NO;
				INFOPLIST_FILE = "OffUsageReportExtension-Info.plist";
				IPHONEOS_DEPLOYMENT_TARGET = 26.0;
				LD_RUNPATH_SEARCH_PATHS = (
					"$(inherited)",
					"@executable_path/Frameworks",
					"@executable_path/../../Frameworks",
				);
				MARKETING_VERSION = 1.0;
				PRODUCT_BUNDLE_IDENTIFIER = rlemosapp.Off.UsageReportExtension;
				PRODUCT_NAME = "$(TARGET_NAME)";
				SKIP_INSTALL = YES;
				SWIFT_VERSION = 5.0;
				TARGETED_DEVICE_FAMILY = "1,2";
			};
			name = Release;
		};
/* End XCBuildConfiguration section */

/* Begin XCConfigurationList section */
		B70ED97C2F3D32C2002166F1 /* Build configuration list for PBXProject "Off" */ = {
			isa = XCConfigurationList;
			buildConfigurations = (
				B70ED98A2F3D32C3002166F1 /* Debug */,
				B70ED98B2F3D32C3002166F1 /* Release */,
			);
			defaultConfigurationIsVisible = 0;
			defaultConfigurationName = Release;
		};
		B70ED98C2F3D32C3002166F1 /* Build configuration list for PBXNativeTarget "Off" */ = {
			isa = XCConfigurationList;
			buildConfigurations = (
				B70ED98D2F3D32C3002166F1 /* Debug */,
				B70ED98E2F3D32C3002166F1 /* Release */,
			);
			defaultConfigurationIsVisible = 0;
			defaultConfigurationName = Release;
		};
		B7E1000A2F50000000A1B2C3 /* Build configuration list for PBXNativeTarget "OffShieldMonitorExtension" */ = {
			isa = XCConfigurationList;
			buildConfigurations = (
				B7E1000B2F50000000A1B2C3 /* Debug */,
				B7E1000C2F50000000A1B2C3 /* Release */,
			);
			defaultConfigurationIsVisible = 0;
			defaultConfigurationName = Release;
		};
		B7E200102F60000000A1B2C3 /* Build configuration list for PBXNativeTarget "OffUsageReportExtension" */ = {
			isa = XCConfigurationList;
			buildConfigurations = (
				B7E2000E2F60000000A1B2C3 /* Debug */,
				B7E2000F2F60000000A1B2C3 /* Release */,
			);
			defaultConfigurationIsVisible = 0;
			defaultConfigurationName = Release;
		};
/* End XCConfigurationList section */

/* Begin XCRemoteSwiftPackageReference section */
		B72BB4682F4665A5008E9B66 /* XCRemoteSwiftPackageReference "firebase-ios-sdk" */ = {
			isa = XCRemoteSwiftPackageReference;
			repositoryURL = "https://github.com/firebase/firebase-ios-sdk";
			requirement = {
				kind = upToNextMajorVersion;
				minimumVersion = 12.9.0;
			};
		};
/* End XCRemoteSwiftPackageReference section */

/* Begin XCSwiftPackageProductDependency section */
		B72BB4692F4665A5008E9B66 /* FirebaseFunctions */ = {
			isa = XCSwiftPackageProductDependency;
			package = B72BB4682F4665A5008E9B66 /* XCRemoteSwiftPackageReference "firebase-ios-sdk" */;
			productName = FirebaseFunctions;
		};
/* End XCSwiftPackageProductDependency section */
	};
	rootObject = B70ED9792F3D32C2002166F1 /* Project object */;
}
